<?xml version="1.0" encoding="UTF-8" standalone="yes" ?>
<CodeBlocks_project_file>
	<FileVersion major="1" minor="6" />
	<Project>
		<Option title="SDLGame" />
		<Option pch_mode="2" />
		<Option compiler="gcc" />
		<Build>
			<Target title="Debug">
				<Option output="bin/Debug/SDLGame" prefix_auto="1" extension_auto="1" />
				<Option object_output="obj/Debug/" />
				<Option type="1" />
				<Option compiler="gcc" />
				<Compiler>
					<Add option="-g" />
				</Compiler>
			</Target>
			<Target title="Release">
				<Option output="bin/Release/SDLGame" prefix_auto="1" extension_auto="1" />
				<Option object_output="obj/Release/" />
				<Option type="1" />
				<Option compiler="gcc" />
				<Compiler>
					<Add option="-O2" />
				</Compiler>
				<Linker>
					<Add option="-s" />
				</Linker>
			</Target>
		</Build>
		<Compiler>
			<Add option="-Wall" />
			<Add option="-fexceptions" />
		</Compiler>
		<Unit filename="BaseObject.cpp" />
		<Unit filename="BaseObject.h" />
		<Unit filename="BossObject.cpp" />
		<Unit filename="BossObject.h" />
		<Unit filename="BulletObject.cpp">
			<Option compilerVar="CC" />
		</Unit>
		<Unit filename="BulletObject.h" />
		<Unit filename="CommonFunc.cpp" />
		<Unit filename="CommonFunc.h" />
		<Unit filename="ExplosionObject.cpp" />
		<Unit filename="ExplosionObject.h" />
		<Unit filename="Geometric.cpp" />
		<Unit filename="Geometric.h" />
		<Unit filename="ImpTimer.cpp" />
		<Unit filename="ImpTimer.h" />
		<Unit filename="MainObject.cpp" />
		<Unit filename="MainObject.h" />
		<Unit filename="PlaneThreats.cpp" />
		<Unit filename="PlaneThreats.h" />
		<Unit filename="PlayGame.cpp" />
		<Unit filename="PlayGame.h" />
		<Unit filename="PlayerPower.cpp" />
		<Unit filename="PlayerPower.h" />
		<Unit filename="TextObject.cpp" />
		<Unit filename="TextObject.h" />
		<Unit filename="ThreatsObject.cpp" />
		<Unit filename="ThreatsObject.h" />
		<Unit filename="game_map.cpp" />
		<Unit filename="game_map.h" />
		<Unit filename="main.cpp" />
		<Extensions />
	</Project>
</CodeBlocks_project_file>
